
Microsoft Visual Studio Solution File, Format Version 11.00
# Visual Studio 2010
# SharpDevelop 4.4
Project("{FAE04EC0-301F-11D3-BF4B-00C04F79EFBC}") = "HelloWorld", "HelloWorld\HelloWorld.csproj", "{94338D41-5A7E-4D11-BC75-B4B12A21BD53}"
EndProject
Global
	GlobalSection(SolutionConfigurationPlatforms) = preSolution
		Debug|Any CPU = Debug|Any CPU
		Release|Any CPU = Release|Any CPU
	EndGlobalSection
	GlobalSection(ProjectConfigurationPlatforms) = postSolution
		{94338D41-5A7E-4D11-BC75-B4B12A21BD53}.Debug|Any CPU.Build.0 = Debug|Any CPU
		{94338D41-5A7E-4D11-BC75-B4B12A21BD53}.Debug|Any CPU.ActiveCfg = Debug|Any CPU
		{94338D41-5A7E-4D11-BC75-B4B12A21BD53}.Release|Any CPU.Build.0 = Release|Any CPU
		{94338D41-5A7E-4D11-BC75-B4B12A21BD53}.Release|Any CPU.ActiveCfg = Release|Any CPU
	EndGlobalSection
EndGlobal
